
Microsoft Visual Studio Solution File, Format Version 12.00
# Visual Studio Version 16
VisualStudioVersion = 16.0.33801.447
MinimumVisualStudioVersion = 10.0.40219.1
Project("{FAE04EC0-301F-11D3-BF4B-00C04F79EFBC}") = "Web", "Web\Web.csproj", "{48D1300D-2031-43A7-A70A-B46C444D4D10}"
EndProject
Global
	GlobalSection(SolutionConfigurationPlatforms) = preSolution
		Debug|Any CPU = Debug|Any CPU
		Release|Any CPU = Release|Any CPU
	EndGlobalSection
	GlobalSection(ProjectConfigurationPlatforms) = postSolution
		{48D1300D-2031-43A7-A70A-B46C444D4D10}.Debug|Any CPU.ActiveCfg = Debug|Any CPU
		{48D1300D-2031-43A7-A70A-B46C444D4D10}.Debug|Any CPU.Build.0 = Debug|Any CPU
		{48D1300D-2031-43A7-A70A-B46C444D4D10}.Release|Any CPU.ActiveCfg = Release|Any CPU
		{48D1300D-2031-43A7-A70A-B46C444D4D10}.Release|Any CPU.Build.0 = Release|Any CPU
	EndGlobalSection
	GlobalSection(SolutionProperties) = preSolution
		HideSolutionNode = FALSE
	EndGlobalSection
	GlobalSection(ExtensibilityGlobals) = postSolution
		SolutionGuid = {2CC55C65-D4F2-428D-B2B7-EA402ACD2608}
	EndGlobalSection
EndGlobal
